{
  "name": "Hang-Man",
  "lockfileVersion": 2,
  "requires": true,
  "packages": {
    "": {
      "dependencies": {
        "angular-bootstrap-datetimepicker": "^4.0.2",
        "bootstrap": "^5.2.3",
        "bootstrap-datetimepicker.js": "^1.0.0",
        "moment": "^2.29.4",
        "open-iconic": "^1.1.1"
      }
    },
    "node_modules/@angular/animations": {
      "version": "15.0.2",
      "resolved": "https://registry.npmjs.org/@angular/animations/-/animations-15.0.2.tgz",
      "integrity": "sha512-bghNrTPbRaxL1SqiKFFUdDFDClGFzES6AkGbtBj1kE6IOC3tNbTSc2ozsuVAGOi96zqumnonaA000dIIqfvYMw==",
      "peer": true,
      "dependencies": {
        "tslib": "^2.3.0"
      },
      "engines": {
        "node": "^14.20.0 || ^16.13.0 || >=18.10.0"
      },
      "peerDependencies": {
        "@angular/core": "15.0.2"
      }
    },
    "node_modules/@angular/common": {
      "version": "15.0.2",
      "resolved": "https://registry.npmjs.org/@angular/common/-/common-15.0.2.tgz",
      "integrity": "sha512-BZkaUdFv6A0a8m3R/HEYmwZrULMHwRWQh+ukSQEz9reVNUiH0/mNvj9I4iYYCfYXHPiyMIRfAeu/fqdl14DBFg==",
      "peer": true,
      "dependencies": {
        "tslib": "^2.3.0"
      },
      "engines": {
        "node": "^14.20.0 || ^16.13.0 || >=18.10.0"
      },
      "peerDependencies": {
        "@angular/core": "15.0.2",
        "rxjs": "^6.5.3 || ^7.4.0"
      }
    },
    "node_modules/@angular/compiler": {
      "version": "15.0.2",
      "resolved": "https://registry.npmjs.org/@angular/compiler/-/compiler-15.0.2.tgz",
      "integrity": "sha512-dD1Vv2txp09V7RaJK2tvGRWpM2RsDARVAGL65hfJY2txeEFRyajcle6jOI11NfGpgsZvptN7o5oc8ozQI1hgTA==",
      "peer": true,
      "dependencies": {
        "tslib": "^2.3.0"
      },
      "engines": {
        "node": "^14.20.0 || ^16.13.0 || >=18.10.0"
      },
      "peerDependencies": {
        "@angular/core": "15.0.2"
      },
      "peerDependenciesMeta": {
        "@angular/core": {
          "optional": true
        }
      }
    },
    "node_modules/@angular/core": {
      "version": "15.0.2",
      "resolved": "https://registry.npmjs.org/@angular/core/-/core-15.0.2.tgz",
      "integrity": "sha512-qM0T4r3Z3Qfk+5+M5JRB1qr3AUKgabbC0kARY+R+QvwbQBE6UoeWw5eRuUbTGDP70Ikeeg0xZebpkr7Oghp9/A==",
      "peer": true,
      "dependencies": {
        "tslib": "^2.3.0"
      },
      "engines": {
        "node": "^14.20.0 || ^16.13.0 || >=18.10.0"
      },
      "peerDependencies": {
        "rxjs": "^6.5.3 || ^7.4.0",
        "zone.js": "~0.11.4 || ~0.12.0"
      }
    },
    "node_modules/@angular/forms": {
      "version": "15.0.2",
      "resolved": "https://registry.npmjs.org/@angular/forms/-/forms-15.0.2.tgz",
      "integrity": "sha512-c7t2pk1nzXIibIaIo4wsDd+VipiuDXqV1bolluAVaRjnS80BEQqOkudNNBgodx8sVkjEYI+cpLp+vE7FEOjHdg==",
      "peer": true,
      "dependencies": {
        "tslib": "^2.3.0"
      },
      "engines": {
        "node": "^14.20.0 || ^16.13.0 || >=18.10.0"
      },
      "peerDependencies": {
        "@angular/common": "15.0.2",
        "@angular/core": "15.0.2",
        "@angular/platform-browser": "15.0.2",
        "rxjs": "^6.5.3 || ^7.4.0"
      }
    },
    "node_modules/@angular/platform-browser": {
      "version": "15.0.2",
      "resolved": "https://registry.npmjs.org/@angular/platform-browser/-/platform-browser-15.0.2.tgz",
      "integrity": "sha512-Dau9Ip5ub35lyJ+Bl2sUMQ4CoCgj8tdcNWDyQrfYynllKZfbQNaNY60To48P4u7pVGwN/Ib8Wb+jcloZJUXm4Q==",
      "peer": true,
      "dependencies": {
        "tslib": "^2.3.0"
      },
      "engines": {
        "node": "^14.20.0 || ^16.13.0 || >=18.10.0"
      },
      "peerDependencies": {
        "@angular/animations": "15.0.2",
        "@angular/common": "15.0.2",
        "@angular/core": "15.0.2"
      },
      "peerDependenciesMeta": {
        "@angular/animations": {
          "optional": true
        }
      }
    },
    "node_modules/@angular/platform-browser-dynamic": {
      "version": "15.0.2",
      "resolved": "https://registry.npmjs.org/@angular/platform-browser-dynamic/-/platform-browser-dynamic-15.0.2.tgz",
      "integrity": "sha512-OJ3WevyoR/rEYs9zqY2NzYX+2OqcWrmATFnvdFNMztjl8HO/SVak1URz8phZeSRslWjILlJ4nxPORVwV8TlW+w==",
      "peer": true,
      "dependencies": {
        "tslib": "^2.3.0"
      },
      "engines": {
        "node": "^14.20.0 || ^16.13.0 || >=18.10.0"
      },
      "peerDependencies": {
        "@angular/common": "15.0.2",
        "@angular/compiler": "15.0.2",
        "@angular/core": "15.0.2",
        "@angular/platform-browser": "15.0.2"
      }
    },
    "node_modules/@angular/router": {
      "version": "15.0.2",
      "resolved": "https://registry.npmjs.org/@angular/router/-/router-15.0.2.tgz",
      "integrity": "sha512-uRf/OTGHt7Ysxw1IgrzCTvtwoYwwDPJxsZm/jXfrILPxHYqsSvYNXgcGqOp1kXY1/ByotM0P2+5CA6h2VICFHg==",
      "peer": true,
      "dependencies": {
        "tslib": "^2.3.0"
      },
      "engines": {
        "node": "^14.20.0 || ^16.13.0 || >=18.10.0"
      },
      "peerDependencies": {
        "@angular/common": "15.0.2",
        "@angular/core": "15.0.2",
        "@angular/platform-browser": "15.0.2",
        "rxjs": "^6.5.3 || ^7.4.0"
      }
    },
    "node_modules/@popperjs/core": {
      "version": "2.11.6",
      "resolved": "https://registry.npmjs.org/@popperjs/core/-/core-2.11.6.tgz",
      "integrity": "sha512-50/17A98tWUfQ176raKiOGXuYpLyyVMkxxG6oylzL3BPOlA6ADGdK7EYunSa4I064xerltq9TGXs8HmOk5E+vw==",
      "peer": true,
      "funding": {
        "type": "opencollective",
        "url": "https://opencollective.com/popperjs"
      }
    },
    "node_modules/angular-bootstrap-datetimepicker": {
      "version": "4.0.2",
      "resolved": "https://registry.npmjs.org/angular-bootstrap-datetimepicker/-/angular-bootstrap-datetimepicker-4.0.2.tgz",
      "integrity": "sha512-FEhPbpVszPKw5CUSyk/QKWsTlsGPC6KS2MQawVr4LfQN/foOaGM3hvw6mMl0ASrAZtikcsFa5h2cA5GLJMPZBg==",
      "dependencies": {
        "tslib": "^1.9.0"
      },
      "engines": {
        "node": ">=12"
      },
      "peerDependencies": {
        "@angular/animations": ">=8.0.0",
        "@angular/common": ">=8.0.0",
        "@angular/compiler": ">=8.0.0",
        "@angular/core": ">=8.0.0",
        "@angular/forms": ">=8.0.0",
        "@angular/platform-browser": ">=8.0.0",
        "@angular/platform-browser-dynamic": ">=8.0.0",
        "@angular/router": ">=8.0.0",
        "moment": ">=2.0.0",
        "rxjs": ">=6.0.0",
        "zone.js": ">=0.9.1"
      }
    },
    "node_modules/angular-bootstrap-datetimepicker/node_modules/tslib": {
      "version": "1.14.1",
      "resolved": "https://registry.npmjs.org/tslib/-/tslib-1.14.1.tgz",
      "integrity": "sha512-Xni35NKzjgMrwevysHTCArtLDpPvye8zV/0E4EyYn43P7/7qvQwPh9BGkHewbMulVntbigmcT7rdX3BNo9wRJg=="
    },
    "node_modules/bootstrap": {
      "version": "5.2.3",
      "resolved": "https://registry.npmjs.org/bootstrap/-/bootstrap-5.2.3.tgz",
      "integrity": "sha512-cEKPM+fwb3cT8NzQZYEu4HilJ3anCrWqh3CHAok1p9jXqMPsPTBhU25fBckEJHJ/p+tTxTFTsFQGM+gaHpi3QQ==",
      "funding": [
        {
          "type": "github",
          "url": "https://github.com/sponsors/twbs"
        },
        {
          "type": "opencollective",
          "url": "https://opencollective.com/bootstrap"
        }
      ],
      "peerDependencies": {
        "@popperjs/core": "^2.11.6"
      }
    },
    "node_modules/bootstrap-datetimepicker.js": {
      "version": "1.0.0",
      "resolved": "https://registry.npmjs.org/bootstrap-datetimepicker.js/-/bootstrap-datetimepicker.js-1.0.0.tgz",
      "integrity": "sha512-G2Dyr4r+O32T9dtE8xcZOFs8O/52c1cLGs3wlytYF20bGlxJxwedlvdSFDl+xvPggs/DAhU91CSdarKn3L/3TA=="
    },
    "node_modules/moment": {
      "version": "2.29.4",
      "resolved": "https://registry.npmjs.org/moment/-/moment-2.29.4.tgz",
      "integrity": "sha512-5LC9SOxjSc2HF6vO2CyuTDNivEdoz2IvyJJGj6X8DJ0eFyfszE0QiEd+iXmBvUP3WHxSjFH/vIsA0EN00cgr8w==",
      "engines": {
        "node": "*"
      }
    },
    "node_modules/open-iconic": {
      "version": "1.1.1",
      "resolved": "https://registry.npmjs.org/open-iconic/-/open-iconic-1.1.1.tgz",
      "integrity": "sha512-OQNnNMDxg4q+Kl4+8FT9l+7ZUS2fhDe39inzT1J/lQTmSmrOLI3Fkm/QHu0ro83mIfAhgM+F3ZpuHw8vomHCmQ=="
    },
    "node_modules/rxjs": {
      "version": "7.6.0",
      "resolved": "https://registry.npmjs.org/rxjs/-/rxjs-7.6.0.tgz",
      "integrity": "sha512-DDa7d8TFNUalGC9VqXvQ1euWNN7sc63TrUCuM9J998+ViviahMIjKSOU7rfcgFOF+FCD71BhDRv4hrFz+ImDLQ==",
      "peer": true,
      "dependencies": {
        "tslib": "^2.1.0"
      }
    },
    "node_modules/tslib": {
      "version": "2.4.1",
      "resolved": "https://registry.npmjs.org/tslib/-/tslib-2.4.1.tgz",
      "integrity": "sha512-tGyy4dAjRIEwI7BzsB0lynWgOpfqjUdq91XXAlIWD2OwKBH7oCl/GZG/HT4BOHrTlPMOASlMQ7veyTqpmRcrNA==",
      "peer": true
    },
    "node_modules/zone.js": {
      "version": "0.12.0",
      "resolved": "https://registry.npmjs.org/zone.js/-/zone.js-0.12.0.tgz",
      "integrity": "sha512-XtC+I5dXU14HrzidAKBNMqneIVUykLEAA1x+v4KVrd6AUPWlwYORF8KgsVqvgdHiKZ4BkxxjvYi/ksEixTPR0Q==",
      "peer": true,
      "dependencies": {
        "tslib": "^2.3.0"
      }
    }
  },
  "dependencies": {
    "@angular/animations": {
      "version": "15.0.2",
      "resolved": "https://registry.npmjs.org/@angular/animations/-/animations-15.0.2.tgz",
      "integrity": "sha512-bghNrTPbRaxL1SqiKFFUdDFDClGFzES6AkGbtBj1kE6IOC3tNbTSc2ozsuVAGOi96zqumnonaA000dIIqfvYMw==",
      "peer": true,
      "requires": {
        "tslib": "^2.3.0"
      }
    },
    "@angular/common": {
      "version": "15.0.2",
      "resolved": "https://registry.npmjs.org/@angular/common/-/common-15.0.2.tgz",
      "integrity": "sha512-BZkaUdFv6A0a8m3R/HEYmwZrULMHwRWQh+ukSQEz9reVNUiH0/mNvj9I4iYYCfYXHPiyMIRfAeu/fqdl14DBFg==",
      "peer": true,
      "requires": {
        "tslib": "^2.3.0"
      }
    },
    "@angular/compiler": {
      "version": "15.0.2",
      "resolved": "https://registry.npmjs.org/@angular/compiler/-/compiler-15.0.2.tgz",
      "integrity": "sha512-dD1Vv2txp09V7RaJK2tvGRWpM2RsDARVAGL65hfJY2txeEFRyajcle6jOI11NfGpgsZvptN7o5oc8ozQI1hgTA==",
      "peer": true,
      "requires": {
        "tslib": "^2.3.0"
      }
    },
    "@angular/core": {
      "version": "15.0.2",
      "resolved": "https://registry.npmjs.org/@angular/core/-/core-15.0.2.tgz",
      "integrity": "sha512-qM0T4r3Z3Qfk+5+M5JRB1qr3AUKgabbC0kARY+R+QvwbQBE6UoeWw5eRuUbTGDP70Ikeeg0xZebpkr7Oghp9/A==",
      "peer": true,
      "requires": {
        "tslib": "^2.3.0"
      }
    },
    "@angular/forms": {
      "version": "15.0.2",
      "resolved": "https://registry.npmjs.org/@angular/forms/-/forms-15.0.2.tgz",
      "integrity": "sha512-c7t2pk1nzXIibIaIo4wsDd+VipiuDXqV1bolluAVaRjnS80BEQqOkudNNBgodx8sVkjEYI+cpLp+vE7FEOjHdg==",
      "peer": true,
      "requires": {
        "tslib": "^2.3.0"
      }
    },
    "@angular/platform-browser": {
      "version": "15.0.2",
      "resolved": "https://registry.npmjs.org/@angular/platform-browser/-/platform-browser-15.0.2.tgz",
      "integrity": "sha512-Dau9Ip5ub35lyJ+Bl2sUMQ4CoCgj8tdcNWDyQrfYynllKZfbQNaNY60To48P4u7pVGwN/Ib8Wb+jcloZJUXm4Q==",
      "peer": true,
      "requires": {
        "tslib": "^2.3.0"
      }
    },
    "@angular/platform-browser-dynamic": {
      "version": "15.0.2",
      "resolved": "https://registry.npmjs.org/@angular/platform-browser-dynamic/-/platform-browser-dynamic-15.0.2.tgz",
      "integrity": "sha512-OJ3WevyoR/rEYs9zqY2NzYX+2OqcWrmATFnvdFNMztjl8HO/SVak1URz8phZeSRslWjILlJ4nxPORVwV8TlW+w==",
      "peer": true,
      "requires": {
        "tslib": "^2.3.0"
      }
    },
    "@angular/router": {
      "version": "15.0.2",
      "resolved": "https://registry.npmjs.org/@angular/router/-/router-15.0.2.tgz",
      "integrity": "sha512-uRf/OTGHt7Ysxw1IgrzCTvtwoYwwDPJxsZm/jXfrILPxHYqsSvYNXgcGqOp1kXY1/ByotM0P2+5CA6h2VICFHg==",
      "peer": true,
      "requires": {
        "tslib": "^2.3.0"
      }
    },
    "@popperjs/core": {
      "version": "2.11.6",
      "resolved": "https://registry.npmjs.org/@popperjs/core/-/core-2.11.6.tgz",
      "integrity": "sha512-50/17A98tWUfQ176raKiOGXuYpLyyVMkxxG6oylzL3BPOlA6ADGdK7EYunSa4I064xerltq9TGXs8HmOk5E+vw==",
      "peer": true
    },
    "angular-bootstrap-datetimepicker": {
      "version": "4.0.2",
      "resolved": "https://registry.npmjs.org/angular-bootstrap-datetimepicker/-/angular-bootstrap-datetimepicker-4.0.2.tgz",
      "integrity": "sha512-FEhPbpVszPKw5CUSyk/QKWsTlsGPC6KS2MQawVr4LfQN/foOaGM3hvw6mMl0ASrAZtikcsFa5h2cA5GLJMPZBg==",
      "requires": {
        "tslib": "^1.9.0"
      },
      "dependencies": {
        "tslib": {
          "version": "1.14.1",
          "resolved": "https://registry.npmjs.org/tslib/-/tslib-1.14.1.tgz",
          "integrity": "sha512-Xni35NKzjgMrwevysHTCArtLDpPvye8zV/0E4EyYn43P7/7qvQwPh9BGkHewbMulVntbigmcT7rdX3BNo9wRJg=="
        }
      }
    },
    "bootstrap": {
      "version": "5.2.3",
      "resolved": "https://registry.npmjs.org/bootstrap/-/bootstrap-5.2.3.tgz",
      "integrity": "sha512-cEKPM+fwb3cT8NzQZYEu4HilJ3anCrWqh3CHAok1p9jXqMPsPTBhU25fBckEJHJ/p+tTxTFTsFQGM+gaHpi3QQ==",
      "requires": {}
    },
    "bootstrap-datetimepicker.js": {
      "version": "1.0.0",
      "resolved": "https://registry.npmjs.org/bootstrap-datetimepicker.js/-/bootstrap-datetimepicker.js-1.0.0.tgz",
      "integrity": "sha512-G2Dyr4r+O32T9dtE8xcZOFs8O/52c1cLGs3wlytYF20bGlxJxwedlvdSFDl+xvPggs/DAhU91CSdarKn3L/3TA=="
    },
    "moment": {
      "version": "2.29.4",
      "resolved": "https://registry.npmjs.org/moment/-/moment-2.29.4.tgz",
      "integrity": "sha512-5LC9SOxjSc2HF6vO2CyuTDNivEdoz2IvyJJGj6X8DJ0eFyfszE0QiEd+iXmBvUP3WHxSjFH/vIsA0EN00cgr8w=="
    },
    "open-iconic": {
      "version": "1.1.1",
      "resolved": "https://registry.npmjs.org/open-iconic/-/open-iconic-1.1.1.tgz",
      "integrity": "sha512-OQNnNMDxg4q+Kl4+8FT9l+7ZUS2fhDe39inzT1J/lQTmSmrOLI3Fkm/QHu0ro83mIfAhgM+F3ZpuHw8vomHCmQ=="
    },
    "rxjs": {
      "version": "7.6.0",
      "resolved": "https://registry.npmjs.org/rxjs/-/rxjs-7.6.0.tgz",
      "integrity": "sha512-DDa7d8TFNUalGC9VqXvQ1euWNN7sc63TrUCuM9J998+ViviahMIjKSOU7rfcgFOF+FCD71BhDRv4hrFz+ImDLQ==",
      "peer": true,
      "requires": {
        "tslib": "^2.1.0"
      }
    },
    "tslib": {
      "version": "2.4.1",
      "resolved": "https://registry.npmjs.org/tslib/-/tslib-2.4.1.tgz",
      "integrity": "sha512-tGyy4dAjRIEwI7BzsB0lynWgOpfqjUdq91XXAlIWD2OwKBH7oCl/GZG/HT4BOHrTlPMOASlMQ7veyTqpmRcrNA==",
      "peer": true
    },
    "zone.js": {
      "version": "0.12.0",
      "resolved": "https://registry.npmjs.org/zone.js/-/zone.js-0.12.0.tgz",
      "integrity": "sha512-XtC+I5dXU14HrzidAKBNMqneIVUykLEAA1x+v4KVrd6AUPWlwYORF8KgsVqvgdHiKZ4BkxxjvYi/ksEixTPR0Q==",
      "peer": true,
      "requires": {
        "tslib": "^2.3.0"
      }
    }
  }
}
